
Microsoft Visual Studio Solution File, Format Version 12.00
# Visual Studio Version 17
VisualStudioVersion = 17.14.36327.8 d17.14
MinimumVisualStudioVersion = 10.0.40219.1
Project("{FAE04EC0-301F-11D3-BF4B-00C04F79EFBC}") = "labor3_lista_tomb", "labor3_lista_tomb\labor3_lista_tomb.csproj", "{E7750C1A-61A3-42EB-B0FF-99C57E9F6FE3}"
EndProject
Global
	GlobalSection(SolutionConfigurationPlatforms) = preSolution
		Debug|Any CPU = Debug|Any CPU
		Release|Any CPU = Release|Any CPU
	EndGlobalSection
	GlobalSection(ProjectConfigurationPlatforms) = postSolution
		{E7750C1A-61A3-42EB-B0FF-99C57E9F6FE3}.Debug|Any CPU.ActiveCfg = Debug|Any CPU
		{E7750C1A-61A3-42EB-B0FF-99C57E9F6FE3}.Debug|Any CPU.Build.0 = Debug|Any CPU
		{E7750C1A-61A3-42EB-B0FF-99C57E9F6FE3}.Release|Any CPU.ActiveCfg = Release|Any CPU
		{E7750C1A-61A3-42EB-B0FF-99C57E9F6FE3}.Release|Any CPU.Build.0 = Release|Any CPU
	EndGlobalSection
	GlobalSection(SolutionProperties) = preSolution
		HideSolutionNode = FALSE
	EndGlobalSection
	GlobalSection(ExtensibilityGlobals) = postSolution
		SolutionGuid = {B62E5A8B-1F64-4C85-B468-58FBF0B4A096}
	EndGlobalSection
EndGlobal
