
Microsoft Visual Studio Solution File, Format Version 12.00
# Visual Studio Version 17
VisualStudioVersion = 17.14.36327.8 d17.14
MinimumVisualStudioVersion = 10.0.40219.1
Project("{FAE04EC0-301F-11D3-BF4B-00C04F79EFBC}") = "zh2gyakorlas", "zh2gyakorlas.csproj", "{B6FF8691-3943-4CBC-A3DB-806838A3AC9B}"
EndProject
Global
	GlobalSection(SolutionConfigurationPlatforms) = preSolution
		Debug|Any CPU = Debug|Any CPU
		Release|Any CPU = Release|Any CPU
	EndGlobalSection
	GlobalSection(ProjectConfigurationPlatforms) = postSolution
		{B6FF8691-3943-4CBC-A3DB-806838A3AC9B}.Debug|Any CPU.ActiveCfg = Debug|Any CPU
		{B6FF8691-3943-4CBC-A3DB-806838A3AC9B}.Debug|Any CPU.Build.0 = Debug|Any CPU
		{B6FF8691-3943-4CBC-A3DB-806838A3AC9B}.Release|Any CPU.ActiveCfg = Release|Any CPU
		{B6FF8691-3943-4CBC-A3DB-806838A3AC9B}.Release|Any CPU.Build.0 = Release|Any CPU
	EndGlobalSection
	GlobalSection(SolutionProperties) = preSolution
		HideSolutionNode = FALSE
	EndGlobalSection
	GlobalSection(ExtensibilityGlobals) = postSolution
		SolutionGuid = {5CD93213-9416-4F22-8042-984BC30B2009}
	EndGlobalSection
EndGlobal
