
Microsoft Visual Studio Solution File, Format Version 12.00
# Visual Studio Version 17
VisualStudioVersion = 17.14.36327.8 d17.14
MinimumVisualStudioVersion = 10.0.40219.1
Project("{FAE04EC0-301F-11D3-BF4B-00C04F79EFBC}") = "labor12", "labor12.csproj", "{F5937806-5900-4842-A336-688C9504B4E0}"
EndProject
Global
	GlobalSection(SolutionConfigurationPlatforms) = preSolution
		Debug|Any CPU = Debug|Any CPU
		Release|Any CPU = Release|Any CPU
	EndGlobalSection
	GlobalSection(ProjectConfigurationPlatforms) = postSolution
		{F5937806-5900-4842-A336-688C9504B4E0}.Debug|Any CPU.ActiveCfg = Debug|Any CPU
		{F5937806-5900-4842-A336-688C9504B4E0}.Debug|Any CPU.Build.0 = Debug|Any CPU
		{F5937806-5900-4842-A336-688C9504B4E0}.Release|Any CPU.ActiveCfg = Release|Any CPU
		{F5937806-5900-4842-A336-688C9504B4E0}.Release|Any CPU.Build.0 = Release|Any CPU
	EndGlobalSection
	GlobalSection(SolutionProperties) = preSolution
		HideSolutionNode = FALSE
	EndGlobalSection
	GlobalSection(ExtensibilityGlobals) = postSolution
		SolutionGuid = {FBE90D6B-A130-4D74-8861-6EF50015B202}
	EndGlobalSection
EndGlobal
